<?xml version="1.0" encoding="utf-8"?>
<Project ToolsVersion="4.0" xmlns="http://schemas.microsoft.com/developer/msbuild/2003">
  <ItemGroup>
    <Filter Include="Source Files">
      <UniqueIdentifier>{4FC737F1-C7A5-4376-A066-2A32D752A2FF}</UniqueIdentifier>
      <Extensions>cpp;c;cc;cxx;def;odl;idl;hpj;bat;asm;asmx</Extensions>
    </Filter>
    <Filter Include="Header Files">
      <UniqueIdentifier>{93995380-89BD-4b04-88EB-625FBE52EBFB}</UniqueIdentifier>
      <Extensions>h;hpp;hxx;hm;inl;inc;xsd</Extensions>
    </Filter>
    <Filter Include="Header Files\Misc">
      <UniqueIdentifier>{79067ca1-b879-4b79-9772-423fe1ddaa48}</UniqueIdentifier>
    </Filter>
    <Filter Include="Header Files\Model">
      <UniqueIdentifier>{0a25f70d-c4e0-432f-b94d-0e0c482c2e28}</UniqueIdentifier>
    </Filter>
    <Filter Include="Header Files\Model\Fbx">
      <UniqueIdentifier>{f944c833-a46c-4fc5-bcc4-52b90ff89b3d}</UniqueIdentifier>
    </Filter>
    <Filter Include="Header Files\Resources">
      <UniqueIdentifier>{b8caa925-e1b4-4153-8fff-13fafd787644}</UniqueIdentifier>
    </Filter>
    <Filter Include="SFML">
      <UniqueIdentifier>{8949899d-6d7f-4d6a-87d0-3cb5add56d6f}</UniqueIdentifier>
    </Filter>
    <Filter Include="SFML\src">
      <UniqueIdentifier>{d35dc6dd-6a6b-4ee7-aa9d-9cc585a5a24b}</UniqueIdentifier>
    </Filter>
    <Filter Include="SFML\src\window">
      <UniqueIdentifier>{798cccec-c802-48b1-ad61-cd1a50c2ef03}</UniqueIdentifier>
    </Filter>
    <Filter Include="SFML\src\window\win32">
      <UniqueIdentifier>{097999b9-0711-4340-92d8-812e86881109}</UniqueIdentifier>
    </Filter>
    <Filter Include="SFML\src\system">
      <UniqueIdentifier>{63836bdd-3763-43c7-9652-57b1af9ff62f}</UniqueIdentifier>
    </Filter>
    <Filter Include="SFML\src\system\win32">
      <UniqueIdentifier>{134ca534-2230-4b3b-947b-1f275dbe0786}</UniqueIdentifier>
    </Filter>
    <Filter Include="SFML\include">
      <UniqueIdentifier>{3f7e7734-6827-4abd-9199-daaf448d628f}</UniqueIdentifier>
    </Filter>
  </ItemGroup>
  <ItemGroup>
    <ClInclude Include="include\Logger.h">
      <Filter>Header Files\Misc</Filter>
    </ClInclude>
    <ClInclude Include="include\LuaVM.h">
      <Filter>Header Files\Misc</Filter>
    </ClInclude>
    <ClInclude Include="include\Misc.h">
      <Filter>Header Files\Misc</Filter>
    </ClInclude>
    <ClInclude Include="include\Option.h">
      <Filter>Header Files\Misc</Filter>
    </ClInclude>
    <ClInclude Include="include\Camera.h">
      <Filter>Header Files\Misc</Filter>
    </ClInclude>
    <ClInclude Include="include\ResManager.h">
      <Filter>Header Files\Resources</Filter>
    </ClInclude>
    <ClInclude Include="include\Resource.h">
      <Filter>Header Files\Resources</Filter>
    </ClInclude>
    <ClInclude Include="include\Shader.h">
      <Filter>Header Files\Resources</Filter>
    </ClInclude>
    <ClInclude Include="include\GameObject.h">
      <Filter>Header Files\Misc</Filter>
    </ClInclude>
    <ClInclude Include="include\Image.h">
      <Filter>Header Files\Resources</Filter>
    </ClInclude>
    <ClInclude Include="include\World.h">
      <Filter>Header Files\Resources</Filter>
    </ClInclude>
    <ClInclude Include="include\CameraAdds.h">
      <Filter>Header Files\Misc</Filter>
    </ClInclude>
    <ClInclude Include="include\FbxAnimHelpers.h">
      <Filter>Header Files\Model\Fbx</Filter>
    </ClInclude>
    <ClInclude Include="include\FbxVboMesh.h">
      <Filter>Header Files\Model\Fbx</Filter>
    </ClInclude>
    <ClInclude Include="include\GetPosition.h">
      <Filter>Header Files\Model\Fbx</Filter>
    </ClInclude>
    <ClInclude Include="include\IModelCooker.h">
      <Filter>Header Files</Filter>
    </ClInclude>
    <ClInclude Include="include\VertexAttributeArray.h">
      <Filter>Header Files</Filter>
    </ClInclude>
    <ClInclude Include="include\Model.h">
      <Filter>Header Files</Filter>
    </ClInclude>
    <ClInclude Include="include\ModelCookerDisplayList.h">
      <Filter>Header Files</Filter>
    </ClInclude>
    <ClInclude Include="include\ModelCookerVBO.h">
      <Filter>Header Files</Filter>
    </ClInclude>
    <ClInclude Include="include\ModelData.h">
      <Filter>Header Files</Filter>
    </ClInclude>
    <ClInclude Include="include\ModelFbx.h">
      <Filter>Header Files</Filter>
    </ClInclude>
    <ClInclude Include="include\ShaderSet.h">
      <Filter>Header Files</Filter>
    </ClInclude>
    <ClInclude Include="include\FrameBuffer.h">
      <Filter>Header Files</Filter>
    </ClInclude>
    <ClInclude Include="include\VertexBuffer.h">
      <Filter>Header Files</Filter>
    </ClInclude>
    <ClInclude Include="include\Engine.h">
      <Filter>Header Files\Misc</Filter>
    </ClInclude>
    <ClInclude Include="..\dependencies\SFML-2.0\include\SFML\System.hpp">
      <Filter>SFML\include</Filter>
    </ClInclude>
    <ClInclude Include="..\dependencies\SFML-2.0\include\SFML\Window.hpp">
      <Filter>SFML\include</Filter>
    </ClInclude>
    <ClInclude Include="Config.h">
      <Filter>Header Files</Filter>
    </ClInclude>
  </ItemGroup>
  <ItemGroup>
    <ClCompile Include="src\Camera.cpp">
      <Filter>Source Files</Filter>
    </ClCompile>
    <ClCompile Include="src\FrameBuffer.cpp">
      <Filter>Source Files</Filter>
    </ClCompile>
    <ClCompile Include="src\Logger.cpp">
      <Filter>Source Files</Filter>
    </ClCompile>
    <ClCompile Include="src\Model.cpp">
      <Filter>Source Files</Filter>
    </ClCompile>
    <ClCompile Include="src\ResManager.cpp">
      <Filter>Source Files</Filter>
    </ClCompile>
    <ClCompile Include="src\Shader.cpp">
      <Filter>Source Files</Filter>
    </ClCompile>
    <ClCompile Include="src\LuaVM.cpp">
      <Filter>Source Files</Filter>
    </ClCompile>
    <ClCompile Include="src\Misc.cpp">
      <Filter>Source Files</Filter>
    </ClCompile>
    <ClCompile Include="src\Image.cpp">
      <Filter>Source Files</Filter>
    </ClCompile>
    <ClCompile Include="src\World.cpp">
      <Filter>Source Files</Filter>
    </ClCompile>
    <ClCompile Include="src\ModelData.cpp">
      <Filter>Source Files</Filter>
    </ClCompile>
    <ClCompile Include="src\VertexBuffer.cpp">
      <Filter>Source Files</Filter>
    </ClCompile>
    <ClCompile Include="src\ModelCookerDisplayList.cpp">
      <Filter>Source Files</Filter>
    </ClCompile>
    <ClCompile Include="src\ModelCookerVBO.cpp">
      <Filter>Source Files</Filter>
    </ClCompile>
    <ClCompile Include="src\VertexAttributeArray.cpp">
      <Filter>Source Files</Filter>
    </ClCompile>
    <ClCompile Include="src\CameraAdds.cpp">
      <Filter>Source Files</Filter>
    </ClCompile>
    <ClCompile Include="src\FbxAnimHelpers.cpp">
      <Filter>Source Files</Filter>
    </ClCompile>
    <ClCompile Include="src\FbxVboMesh.cpp">
      <Filter>Source Files</Filter>
    </ClCompile>
    <ClCompile Include="src\GetPosition.cxx">
      <Filter>Source Files</Filter>
    </ClCompile>
    <ClCompile Include="src\ModelFbx.cpp">
      <Filter>Source Files</Filter>
    </ClCompile>
    <ClCompile Include="src\ShaderSet.cpp">
      <Filter>Source Files</Filter>
    </ClCompile>
    <ClCompile Include="src\Resource.cpp">
      <Filter>Source Files</Filter>
    </ClCompile>
    <ClCompile Include="..\dependencies\SFML-2.0\src\Window\Context.cpp">
      <Filter>SFML\src\window</Filter>
    </ClCompile>
    <ClCompile Include="..\dependencies\SFML-2.0\src\Window\GlContext.cpp">
      <Filter>SFML\src\window</Filter>
    </ClCompile>
    <ClCompile Include="..\dependencies\SFML-2.0\src\Window\GlResource.cpp">
      <Filter>SFML\src\window</Filter>
    </ClCompile>
    <ClCompile Include="..\dependencies\SFML-2.0\src\Window\Joystick.cpp">
      <Filter>SFML\src\window</Filter>
    </ClCompile>
    <ClCompile Include="..\dependencies\SFML-2.0\src\Window\JoystickManager.cpp">
      <Filter>SFML\src\window</Filter>
    </ClCompile>
    <ClCompile Include="..\dependencies\SFML-2.0\src\Window\Keyboard.cpp">
      <Filter>SFML\src\window</Filter>
    </ClCompile>
    <ClCompile Include="..\dependencies\SFML-2.0\src\Window\Mouse.cpp">
      <Filter>SFML\src\window</Filter>
    </ClCompile>
    <ClCompile Include="..\dependencies\SFML-2.0\src\Window\VideoMode.cpp">
      <Filter>SFML\src\window</Filter>
    </ClCompile>
    <ClCompile Include="..\dependencies\SFML-2.0\src\Window\Window.cpp">
      <Filter>SFML\src\window</Filter>
    </ClCompile>
    <ClCompile Include="..\dependencies\SFML-2.0\src\Window\WindowImpl.cpp">
      <Filter>SFML\src\window</Filter>
    </ClCompile>
    <ClCompile Include="..\dependencies\SFML-2.0\src\System\Clock.cpp">
      <Filter>SFML\src\system</Filter>
    </ClCompile>
    <ClCompile Include="..\dependencies\SFML-2.0\src\System\Err.cpp">
      <Filter>SFML\src\system</Filter>
    </ClCompile>
    <ClCompile Include="..\dependencies\SFML-2.0\src\System\Lock.cpp">
      <Filter>SFML\src\system</Filter>
    </ClCompile>
    <ClCompile Include="..\dependencies\SFML-2.0\src\System\Mutex.cpp">
      <Filter>SFML\src\system</Filter>
    </ClCompile>
    <ClCompile Include="..\dependencies\SFML-2.0\src\System\Sleep.cpp">
      <Filter>SFML\src\system</Filter>
    </ClCompile>
    <ClCompile Include="..\dependencies\SFML-2.0\src\System\String.cpp">
      <Filter>SFML\src\system</Filter>
    </ClCompile>
    <ClCompile Include="..\dependencies\SFML-2.0\src\System\Thread.cpp">
      <Filter>SFML\src\system</Filter>
    </ClCompile>
    <ClCompile Include="..\dependencies\SFML-2.0\src\System\ThreadLocal.cpp">
      <Filter>SFML\src\system</Filter>
    </ClCompile>
    <ClCompile Include="..\dependencies\SFML-2.0\src\System\Time.cpp">
      <Filter>SFML\src\system</Filter>
    </ClCompile>
    <ClCompile Include="..\dependencies\SFML-2.0\src\System\Win32\ClockImpl.cpp">
      <Filter>SFML\src\system\win32</Filter>
    </ClCompile>
    <ClCompile Include="..\dependencies\SFML-2.0\src\System\Win32\MutexImpl.cpp">
      <Filter>SFML\src\system\win32</Filter>
    </ClCompile>
    <ClCompile Include="..\dependencies\SFML-2.0\src\System\Win32\SleepImpl.cpp">
      <Filter>SFML\src\system\win32</Filter>
    </ClCompile>
    <ClCompile Include="..\dependencies\SFML-2.0\src\System\Win32\ThreadImpl.cpp">
      <Filter>SFML\src\system\win32</Filter>
    </ClCompile>
    <ClCompile Include="..\dependencies\SFML-2.0\src\System\Win32\ThreadLocalImpl.cpp">
      <Filter>SFML\src\system\win32</Filter>
    </ClCompile>
    <ClCompile Include="..\dependencies\SFML-2.0\src\Window\Win32\JoystickImpl.cpp">
      <Filter>SFML\src\window\win32</Filter>
    </ClCompile>
    <ClCompile Include="..\dependencies\SFML-2.0\src\Window\Win32\VideoModeImpl.cpp">
      <Filter>SFML\src\window\win32</Filter>
    </ClCompile>
    <ClCompile Include="..\dependencies\SFML-2.0\src\Window\Win32\WglContext.cpp">
      <Filter>SFML\src\window\win32</Filter>
    </ClCompile>
    <ClCompile Include="..\dependencies\SFML-2.0\src\Window\Win32\WindowImplWin32.cpp">
      <Filter>SFML\src\window\win32</Filter>
    </ClCompile>
    <ClCompile Include="..\dependencies\SFML-2.0\src\Window\Win32\InputImpl.cpp">
      <Filter>SFML\src\window\win32</Filter>
    </ClCompile>
  </ItemGroup>
  <ItemGroup>
    <None Include="ClassDiagram1.cd" />
  </ItemGroup>
</Project>