<?xml version="1.0" encoding="utf-8"?>
<Project ToolsVersion="4.0" xmlns="http://schemas.microsoft.com/developer/msbuild/2003">
  <ItemGroup>
    <Filter Include="Source Files">
      <UniqueIdentifier>{4FC737F1-C7A5-4376-A066-2A32D752A2FF}</UniqueIdentifier>
      <Extensions>cpp;c;cc;cxx;def;odl;idl;hpj;bat;asm;asmx</Extensions>
    </Filter>
    <Filter Include="Header Files">
      <UniqueIdentifier>{93995380-89BD-4b04-88EB-625FBE52EBFB}</UniqueIdentifier>
      <Extensions>h;hpp;hxx;hm;inl;inc;xsd</Extensions>
    </Filter>
    <Filter Include="PCH">
      <UniqueIdentifier>{a8e70f48-306a-4063-a57a-97f6c7224526}</UniqueIdentifier>
    </Filter>
    <Filter Include="Header Files\Misc">
      <UniqueIdentifier>{79067ca1-b879-4b79-9772-423fe1ddaa48}</UniqueIdentifier>
    </Filter>
    <Filter Include="Header Files\Model">
      <UniqueIdentifier>{0a25f70d-c4e0-432f-b94d-0e0c482c2e28}</UniqueIdentifier>
    </Filter>
    <Filter Include="Header Files\Model\Resources">
      <UniqueIdentifier>{b8caa925-e1b4-4153-8fff-13fafd787644}</UniqueIdentifier>
    </Filter>
    <Filter Include="Header Files\Model\Fbx">
      <UniqueIdentifier>{f944c833-a46c-4fc5-bcc4-52b90ff89b3d}</UniqueIdentifier>
    </Filter>
  </ItemGroup>
  <ItemGroup>
    <ClInclude Include="stdafx.h">
      <Filter>PCH</Filter>
    </ClInclude>
    <ClInclude Include="include\Exception.h">
      <Filter>Header Files\Misc</Filter>
    </ClInclude>
    <ClInclude Include="include\Logger.h">
      <Filter>Header Files\Misc</Filter>
    </ClInclude>
    <ClInclude Include="include\LuaVM.h">
      <Filter>Header Files\Misc</Filter>
    </ClInclude>
    <ClInclude Include="include\Misc.h">
      <Filter>Header Files\Misc</Filter>
    </ClInclude>
    <ClInclude Include="include\Model.h">
      <Filter>Header Files\Model</Filter>
    </ClInclude>
    <ClInclude Include="include\IModelCooker.h">
      <Filter>Header Files\Model</Filter>
    </ClInclude>
    <ClInclude Include="include\ModelCookerDisplayList.h">
      <Filter>Header Files\Model</Filter>
    </ClInclude>
    <ClInclude Include="include\ModelCookerVBO.h">
      <Filter>Header Files\Model</Filter>
    </ClInclude>
    <ClInclude Include="include\ModelData.h">
      <Filter>Header Files\Model</Filter>
    </ClInclude>
    <ClInclude Include="include\ModelInstance.h">
      <Filter>Header Files\Model</Filter>
    </ClInclude>
    <ClInclude Include="include\Option.h">
      <Filter>Header Files\Misc</Filter>
    </ClInclude>
    <ClInclude Include="include\Camera.h">
      <Filter>Header Files\Misc</Filter>
    </ClInclude>
    <ClInclude Include="include\ResManager.h">
      <Filter>Header Files\Model\Resources</Filter>
    </ClInclude>
    <ClInclude Include="include\Resource.h">
      <Filter>Header Files\Model\Resources</Filter>
    </ClInclude>
    <ClInclude Include="include\Scene.h">
      <Filter>Header Files\Model\Resources</Filter>
    </ClInclude>
    <ClInclude Include="include\Sky.h">
      <Filter>Header Files\Model\Resources</Filter>
    </ClInclude>
    <ClInclude Include="include\Shader.h">
      <Filter>Header Files\Model\Resources</Filter>
    </ClInclude>
    <ClInclude Include="include\GameObject.h">
      <Filter>Header Files\Misc</Filter>
    </ClInclude>
    <ClInclude Include="include\GameScripting.hpp">
      <Filter>Header Files\Misc</Filter>
    </ClInclude>
    <ClInclude Include="include\Game.h">
      <Filter>Header Files\Misc</Filter>
    </ClInclude>
    <ClInclude Include="include\FrameBuffer.h">
      <Filter>Header Files\Model</Filter>
    </ClInclude>
    <ClInclude Include="include\Typedefs.h">
      <Filter>Header Files\Misc</Filter>
    </ClInclude>
    <ClInclude Include="include\Vector2.h">
      <Filter>Header Files\Misc</Filter>
    </ClInclude>
    <ClInclude Include="include\Transform.h">
      <Filter>Header Files\Misc</Filter>
    </ClInclude>
    <ClInclude Include="include\Image.h">
      <Filter>Header Files\Model\Resources</Filter>
    </ClInclude>
    <ClInclude Include="include\ImageData.h">
      <Filter>Header Files\Model\Resources</Filter>
    </ClInclude>
    <ClInclude Include="include\World.h">
      <Filter>Header Files\Model\Resources</Filter>
    </ClInclude>
    <ClInclude Include="include\VertexBuffer.h">
      <Filter>Header Files\Model</Filter>
    </ClInclude>
    <ClInclude Include="include\VertexAttributeArray.h">
      <Filter>Header Files\Model</Filter>
    </ClInclude>
    <ClInclude Include="include\Matrix4.h">
      <Filter>Header Files\Misc</Filter>
    </ClInclude>
    <ClInclude Include="include\LightHouse.h">
      <Filter>Header Files\Misc</Filter>
    </ClInclude>
    <ClInclude Include="include\Color.h">
      <Filter>Header Files\Misc</Filter>
    </ClInclude>
    <ClInclude Include="include\CameraAdds.h">
      <Filter>Header Files\Misc</Filter>
    </ClInclude>
    <ClInclude Include="include\FbxAnimHelpers.h">
      <Filter>Header Files\Model\Fbx</Filter>
    </ClInclude>
    <ClInclude Include="include\FbxVboMesh.h">
      <Filter>Header Files\Model\Fbx</Filter>
    </ClInclude>
    <ClInclude Include="include\GetPosition.h">
      <Filter>Header Files\Model\Fbx</Filter>
    </ClInclude>
    <ClInclude Include="include\ModelFbx.h">
      <Filter>Header Files\Model</Filter>
    </ClInclude>
    <ClInclude Include="include\ShaderSet.h">
      <Filter>Header Files\Model</Filter>
    </ClInclude>
    <ClInclude Include="..\dependencies\Singleton.h">
      <Filter>Header Files</Filter>
    </ClInclude>
    <ClInclude Include="include\Vector3.h">
      <Filter>Header Files\Model</Filter>
    </ClInclude>
  </ItemGroup>
  <ItemGroup>
    <ClCompile Include="stdafx.cpp">
      <Filter>PCH</Filter>
    </ClCompile>
    <ClCompile Include="src\Camera.cpp">
      <Filter>Source Files</Filter>
    </ClCompile>
    <ClCompile Include="src\FrameBuffer.cpp">
      <Filter>Source Files</Filter>
    </ClCompile>
    <ClCompile Include="src\Logger.cpp">
      <Filter>Source Files</Filter>
    </ClCompile>
    <ClCompile Include="src\Model.cpp">
      <Filter>Source Files</Filter>
    </ClCompile>
    <ClCompile Include="src\ResManager.cpp">
      <Filter>Source Files</Filter>
    </ClCompile>
    <ClCompile Include="src\Scene.cpp">
      <Filter>Source Files</Filter>
    </ClCompile>
    <ClCompile Include="src\Shader.cpp">
      <Filter>Source Files</Filter>
    </ClCompile>
    <ClCompile Include="src\Sky.cpp">
      <Filter>Source Files</Filter>
    </ClCompile>
    <ClCompile Include="src\Transform.cpp">
      <Filter>Source Files</Filter>
    </ClCompile>
    <ClCompile Include="src\Vector2.cpp">
      <Filter>Source Files</Filter>
    </ClCompile>
    <ClCompile Include="src\Vector3.cpp">
      <Filter>Source Files</Filter>
    </ClCompile>
    <ClCompile Include="src\LuaVM.cpp">
      <Filter>Source Files</Filter>
    </ClCompile>
    <ClCompile Include="src\GameObject.cpp">
      <Filter>Source Files</Filter>
    </ClCompile>
    <ClCompile Include="src\Misc.cpp">
      <Filter>Source Files</Filter>
    </ClCompile>
    <ClCompile Include="src\Image.cpp">
      <Filter>Source Files</Filter>
    </ClCompile>
    <ClCompile Include="src\Game.cpp">
      <Filter>Source Files</Filter>
    </ClCompile>
    <ClCompile Include="src\World.cpp">
      <Filter>Source Files</Filter>
    </ClCompile>
    <ClCompile Include="src\ModelData.cpp">
      <Filter>Source Files</Filter>
    </ClCompile>
    <ClCompile Include="src\VertexBuffer.cpp">
      <Filter>Source Files</Filter>
    </ClCompile>
    <ClCompile Include="src\ModelCookerDisplayList.cpp">
      <Filter>Source Files</Filter>
    </ClCompile>
    <ClCompile Include="src\ModelInstance.cpp">
      <Filter>Source Files</Filter>
    </ClCompile>
    <ClCompile Include="src\ModelCookerVBO.cpp">
      <Filter>Source Files</Filter>
    </ClCompile>
    <ClCompile Include="src\ImageData.cpp">
      <Filter>Source Files</Filter>
    </ClCompile>
    <ClCompile Include="src\VertexAttributeArray.cpp">
      <Filter>Source Files</Filter>
    </ClCompile>
    <ClCompile Include="src\Matrix4.cpp">
      <Filter>Source Files</Filter>
    </ClCompile>
    <ClCompile Include="src\LightHouse.cpp">
      <Filter>Source Files</Filter>
    </ClCompile>
    <ClCompile Include="src\CameraAdds.cpp">
      <Filter>Source Files</Filter>
    </ClCompile>
    <ClCompile Include="src\FbxAnimHelpers.cpp">
      <Filter>Source Files</Filter>
    </ClCompile>
    <ClCompile Include="src\FbxVboMesh.cpp">
      <Filter>Source Files</Filter>
    </ClCompile>
    <ClCompile Include="src\GetPosition.cxx">
      <Filter>Source Files</Filter>
    </ClCompile>
    <ClCompile Include="src\ModelFbx.cpp">
      <Filter>Source Files</Filter>
    </ClCompile>
    <ClCompile Include="src\ShaderSet.cpp">
      <Filter>Source Files</Filter>
    </ClCompile>
  </ItemGroup>
  <ItemGroup>
    <None Include="ClassDiagram1.cd" />
  </ItemGroup>
</Project>